// !$*UTF8*$!
{
	archiveVersion = 1;
	classes = {
	};
	objectVersion = 46;
	objects = {

/* Begin PBXBuildFile section */
		A99F36D20E19A3863256F81F /* Pods_BlahTests.framework in Frameworks */ = {isa = PBXBuildFile; fileRef = A9C7739DC058680F7AC8841A /* Pods_BlahTests.framework */; };
		BD0246371D9C119E008AEC26 /* LoggerTests.swift in Sources */ = {isa = PBXBuildFile; fileRef = BD0246361D9C119E008AEC26 /* LoggerTests.swift */; };
		BD15AE9A1D91253B00213A88 /* HistorgramTests.swift in Sources */ = {isa = PBXBuildFile; fileRef = BDA9CA8B1D8BFADF0028991F /* HistorgramTests.swift */; };
		BD15AE9B1D91253F00213A88 /* UserSettingsTests.swift in Sources */ = {isa = PBXBuildFile; fileRef = BD4C0B071D91217000C0611F /* UserSettingsTests.swift */; };
		BD15E0AB1D929D72005B709D /* HistogramBinFormatterTests.swift in Sources */ = {isa = PBXBuildFile; fileRef = BD15E0AA1D929D72005B709D /* HistogramBinFormatterTests.swift */; };
		BD15E0B01D934486005B709D /* RandomUniform.swift in Sources */ = {isa = PBXBuildFile; fileRef = BD15E0AF1D934486005B709D /* RandomUniform.swift */; };
		BD17D04D1D8E8BC200A18062 /* RunData.swift in Sources */ = {isa = PBXBuildFile; fileRef = BD17D04C1D8E8BC200A18062 /* RunData.swift */; };
		BD17D0511D8ED9EE00A18062 /* Collection+Additions.swift in Sources */ = {isa = PBXBuildFile; fileRef = BD17D0501D8ED9EE00A18062 /* Collection+Additions.swift */; };
		BD17D0531D8EDA9800A18062 /* Date+AdditionsTests.swift in Sources */ = {isa = PBXBuildFile; fileRef = BD17D0521D8EDA9800A18062 /* Date+AdditionsTests.swift */; };
		BD17D0561D8EE67C00A18062 /* OrderedArray.swift in Sources */ = {isa = PBXBuildFile; fileRef = BD17D0551D8EE67C00A18062 /* OrderedArray.swift */; };
		BD17D0591D8F42D500A18062 /* Settings.bundle in Resources */ = {isa = PBXBuildFile; fileRef = BD17D0581D8F42D500A18062 /* Settings.bundle */; };
		BD4948471D89F23000C50DE2 /* AppDelegate.swift in Sources */ = {isa = PBXBuildFile; fileRef = BD4948461D89F23000C50DE2 /* AppDelegate.swift */; };
		BD49484E1D89F23000C50DE2 /* Main.storyboard in Resources */ = {isa = PBXBuildFile; fileRef = BD49484C1D89F23000C50DE2 /* Main.storyboard */; };
		BD4948501D89F23000C50DE2 /* Assets.xcassets in Resources */ = {isa = PBXBuildFile; fileRef = BD49484F1D89F23000C50DE2 /* Assets.xcassets */; };
		BD4948531D89F23000C50DE2 /* LaunchScreen.storyboard in Resources */ = {isa = PBXBuildFile; fileRef = BD4948511D89F23000C50DE2 /* LaunchScreen.storyboard */; };
		BD49488E1D89F34200C50DE2 /* dropbox.png in Resources */ = {isa = PBXBuildFile; fileRef = BD4948771D89F34200C50DE2 /* dropbox.png */; };
		BD49488F1D89F34200C50DE2 /* dropbox@2x.png in Resources */ = {isa = PBXBuildFile; fileRef = BD4948781D89F34200C50DE2 /* dropbox@2x.png */; };
		BD4948901D89F34200C50DE2 /* dropboxBig.png in Resources */ = {isa = PBXBuildFile; fileRef = BD4948791D89F34200C50DE2 /* dropboxBig.png */; };
		BD4948911D89F34200C50DE2 /* events.opacity in Resources */ = {isa = PBXBuildFile; fileRef = BD49487A1D89F34200C50DE2 /* events.opacity */; };
		BD4948921D89F34200C50DE2 /* events.png in Resources */ = {isa = PBXBuildFile; fileRef = BD49487B1D89F34200C50DE2 /* events.png */; };
		BD4948931D89F34200C50DE2 /* events@2x.png in Resources */ = {isa = PBXBuildFile; fileRef = BD49487C1D89F34200C50DE2 /* events@2x.png */; };
		BD4948941D89F34200C50DE2 /* glyphicons_195_circle_info.png in Resources */ = {isa = PBXBuildFile; fileRef = BD49487D1D89F34200C50DE2 /* glyphicons_195_circle_info.png */; };
		BD4948951D89F34200C50DE2 /* log.opacity in Resources */ = {isa = PBXBuildFile; fileRef = BD49487E1D89F34200C50DE2 /* log.opacity */; };
		BD4948961D89F34200C50DE2 /* log.png in Resources */ = {isa = PBXBuildFile; fileRef = BD49487F1D89F34200C50DE2 /* log.png */; };
		BD4948971D89F34200C50DE2 /* log@2x.png in Resources */ = {isa = PBXBuildFile; fileRef = BD4948801D89F34200C50DE2 /* log@2x.png */; };
		BD4948981D89F34200C50DE2 /* plot.opacity in Resources */ = {isa = PBXBuildFile; fileRef = BD4948811D89F34200C50DE2 /* plot.opacity */; };
		BD4948991D89F34200C50DE2 /* plot.png in Resources */ = {isa = PBXBuildFile; fileRef = BD4948821D89F34200C50DE2 /* plot.png */; };
		BD49489A1D89F34200C50DE2 /* plot@2x.png in Resources */ = {isa = PBXBuildFile; fileRef = BD4948831D89F34200C50DE2 /* plot@2x.png */; };
		BD49489B1D89F34200C50DE2 /* settings.opacity in Resources */ = {isa = PBXBuildFile; fileRef = BD4948841D89F34200C50DE2 /* settings.opacity */; };
		BD49489C1D89F34200C50DE2 /* settings.png in Resources */ = {isa = PBXBuildFile; fileRef = BD4948851D89F34200C50DE2 /* settings.png */; };
		BD49489D1D89F34200C50DE2 /* settings@2x.png in Resources */ = {isa = PBXBuildFile; fileRef = BD4948861D89F34200C50DE2 /* settings@2x.png */; };
		BD49489E1D89F34200C50DE2 /* share.png in Resources */ = {isa = PBXBuildFile; fileRef = BD4948871D89F34200C50DE2 /* share.png */; };
		BD49489F1D89F34200C50DE2 /* share@2x.png in Resources */ = {isa = PBXBuildFile; fileRef = BD4948881D89F34200C50DE2 /* share@2x.png */; };
		BD4948A01D89F34200C50DE2 /* trash-25.png in Resources */ = {isa = PBXBuildFile; fileRef = BD4948891D89F34200C50DE2 /* trash-25.png */; };
		BD4948A11D89F34200C50DE2 /* trash-50.png in Resources */ = {isa = PBXBuildFile; fileRef = BD49488A1D89F34200C50DE2 /* trash-50.png */; };
		BD4948A21D89F34200C50DE2 /* trash-75.png in Resources */ = {isa = PBXBuildFile; fileRef = BD49488B1D89F34200C50DE2 /* trash-75.png */; };
		BD4948A31D89F34200C50DE2 /* trash-100.png in Resources */ = {isa = PBXBuildFile; fileRef = BD49488C1D89F34200C50DE2 /* trash-100.png */; };
		BD4948A41D89F34200C50DE2 /* UIBarButtonAction_2x.png in Resources */ = {isa = PBXBuildFile; fileRef = BD49488D1D89F34200C50DE2 /* UIBarButtonAction_2x.png */; };
		BD4948A61D89F6E300C50DE2 /* plot.pdf in Resources */ = {isa = PBXBuildFile; fileRef = BD4948A51D89F6E300C50DE2 /* plot.pdf */; };
		BD4948A81D89F79100C50DE2 /* events.pdf in Resources */ = {isa = PBXBuildFile; fileRef = BD4948A71D89F79100C50DE2 /* events.pdf */; };
		BD4948AA1D89FB6900C50DE2 /* logs.pdf in Resources */ = {isa = PBXBuildFile; fileRef = BD4948A91D89FB6900C50DE2 /* logs.pdf */; };
		BD58DDBC1D97C476007765E3 /* PlotTimeFormatter.swift in Sources */ = {isa = PBXBuildFile; fileRef = BD58DDBB1D97C476007765E3 /* PlotTimeFormatter.swift */; };
		BD58DDBE1D97CB7D007765E3 /* PlotTimeFormatterTests.swift in Sources */ = {isa = PBXBuildFile; fileRef = BD58DDBD1D97CB7D007765E3 /* PlotTimeFormatterTests.swift */; };
		BD6539EF1DA3F6EE008C32C6 /* Recording.swift in Sources */ = {isa = PBXBuildFile; fileRef = BD6539EE1DA3F6EE008C32C6 /* Recording.swift */; };
		BD6539F21DA3F71B008C32C6 /* RecordingModel.xcdatamodeld in Sources */ = {isa = PBXBuildFile; fileRef = BD6539F01DA3F71B008C32C6 /* RecordingModel.xcdatamodeld */; };
		BD6539F81DA448EC008C32C6 /* RecordingsTableViewController.swift in Sources */ = {isa = PBXBuildFile; fileRef = BD6539F71DA448EC008C32C6 /* RecordingsTableViewController.swift */; };
		BD7564951D99171000CE455F /* PlotLatencyFormatter.swift in Sources */ = {isa = PBXBuildFile; fileRef = BD7564941D99171000CE455F /* PlotLatencyFormatter.swift */; };
		BD7564971D991C5000CE455F /* PlotLatencyFormatterTests.swift in Sources */ = {isa = PBXBuildFile; fileRef = BD7564961D991C5000CE455F /* PlotLatencyFormatterTests.swift */; };
		BD7564991D9931A800CE455F /* Date+Additions.swift in Sources */ = {isa = PBXBuildFile; fileRef = BD7564981D9931A800CE455F /* Date+Additions.swift */; };
		BD75649B1D99321500CE455F /* Collection+AdditionsTests.swift in Sources */ = {isa = PBXBuildFile; fileRef = BD75649A1D99321500CE455F /* Collection+AdditionsTests.swift */; };
		BD75649D1D99703900CE455F /* TextRecorder.swift in Sources */ = {isa = PBXBuildFile; fileRef = BD75649C1D99703900CE455F /* TextRecorder.swift */; };
		BD75649F1D99B0B700CE455F /* Logger.swift in Sources */ = {isa = PBXBuildFile; fileRef = BD75649E1D99B0B700CE455F /* Logger.swift */; };
		BD7564A11D99B67E00CE455F /* EventLogTests.swift in Sources */ = {isa = PBXBuildFile; fileRef = BD7564A01D99B67E00CE455F /* EventLogTests.swift */; };
		BD7564A31D99C72600CE455F /* EventLog.swift in Sources */ = {isa = PBXBuildFile; fileRef = BD7564A21D99C72600CE455F /* EventLog.swift */; };
		BD87F5991D8A2AD1007A6F99 /* PlotsViewController.swift in Sources */ = {isa = PBXBuildFile; fileRef = BD87F5981D8A2AD1007A6F99 /* PlotsViewController.swift */; };
		BD87F59D1D8A2AFE007A6F99 /* SettingsViewController.swift in Sources */ = {isa = PBXBuildFile; fileRef = BD87F59B1D8A2AFE007A6F99 /* SettingsViewController.swift */; };
		BD87F59F1D8AAAD1007A6F99 /* GraphLatencyByTime.swift in Sources */ = {isa = PBXBuildFile; fileRef = BD87F59E1D8AAAD1007A6F99 /* GraphLatencyByTime.swift */; };
		BD87F5A31D8AC829007A6F99 /* Sample.swift in Sources */ = {isa = PBXBuildFile; fileRef = BD87F5A21D8AC829007A6F99 /* Sample.swift */; };
		BD87F5A51D8ADDE0007A6F99 /* Histogram.swift in Sources */ = {isa = PBXBuildFile; fileRef = BD87F5A41D8ADDE0007A6F99 /* Histogram.swift */; };
		BDA9CA881D8BF1CB0028991F /* HistogramBinFormatter.swift in Sources */ = {isa = PBXBuildFile; fileRef = BDA9CA871D8BF1CB0028991F /* HistogramBinFormatter.swift */; };
		BDBB025B1DA45942000838E0 /* LowerViewManager.swift in Sources */ = {isa = PBXBuildFile; fileRef = BDBB025A1DA45942000838E0 /* LowerViewManager.swift */; };
		BDBB025D1DA45983000838E0 /* LowerView.swift in Sources */ = {isa = PBXBuildFile; fileRef = BDBB025C1DA45983000838E0 /* LowerView.swift */; };
		BDBB025F1DA476F2000838E0 /* RecordingsStore.swift in Sources */ = {isa = PBXBuildFile; fileRef = BDBB025E1DA476F2000838E0 /* RecordingsStore.swift */; };
		BDBB02671DA4FCE8000838E0 /* Recording+CoreDataProperties.swift in Sources */ = {isa = PBXBuildFile; fileRef = BDBB02641DA4FBC7000838E0 /* Recording+CoreDataProperties.swift */; };
		BDBCEF411DA7898300B09DC9 /* AppNotifications.swift in Sources */ = {isa = PBXBuildFile; fileRef = BDBCEF401DA7898300B09DC9 /* AppNotifications.swift */; };
		BDBCEF4E1DA8F9A800B09DC9 /* BlahUITests.swift in Sources */ = {isa = PBXBuildFile; fileRef = BDBCEF4D1DA8F9A800B09DC9 /* BlahUITests.swift */; };
		BDBCEF561DA9CC5400B09DC9 /* CriticalSection.swift in Sources */ = {isa = PBXBuildFile; fileRef = BDBCEF551DA9CC5400B09DC9 /* CriticalSection.swift */; };
		BDBCEF581DA9CE3D00B09DC9 /* PassiveDependencyInjector.swift in Sources */ = {isa = PBXBuildFile; fileRef = BDBCEF571DA9CE3D00B09DC9 /* PassiveDependencyInjector.swift */; };
		BDDC9D781D8AFC4100C36430 /* GraphLatencyHistogram.swift in Sources */ = {isa = PBXBuildFile; fileRef = BDDC9D771D8AFC4100C36430 /* GraphLatencyHistogram.swift */; };
		BDFEEC3B1D91D0DC003E8555 /* NewTests.swift in Sources */ = {isa = PBXBuildFile; fileRef = BD49485D1D89F23000C50DE2 /* NewTests.swift */; };
		BDFEEC3C1D91E875003E8555 /* UserSettings.swift in Sources */ = {isa = PBXBuildFile; fileRef = BD5605351D8FC2F200CFE29B /* UserSettings.swift */; };
		CE6535F626638F337BDB06FC /* Pods_Blah.framework in Frameworks */ = {isa = PBXBuildFile; fileRef = ACDA023CC4D206794F87C46E /* Pods_Blah.framework */; };
/* End PBXBuildFile section */

/* Begin PBXContainerItemProxy section */
		BD49485A1D89F23000C50DE2 /* PBXContainerItemProxy */ = {
			isa = PBXContainerItemProxy;
			containerPortal = BD49483B1D89F23000C50DE2 /* Project object */;
			proxyType = 1;
			remoteGlobalIDString = BD4948421D89F23000C50DE2;
			remoteInfo = Blah;
		};
		BDBCEF501DA8F9A800B09DC9 /* PBXContainerItemProxy */ = {
			isa = PBXContainerItemProxy;
			containerPortal = BD49483B1D89F23000C50DE2 /* Project object */;
			proxyType = 1;
			remoteGlobalIDString = BD4948421D89F23000C50DE2;
			remoteInfo = Blah;
		};
/* End PBXContainerItemProxy section */

/* Begin PBXFileReference section */
		A9C7739DC058680F7AC8841A /* Pods_BlahTests.framework */ = {isa = PBXFileReference; explicitFileType = wrapper.framework; includeInIndex = 0; path = Pods_BlahTests.framework; sourceTree = BUILT_PRODUCTS_DIR; };
		AA6633FA5AD9CE9DEF3BFB71 /* Pods-Blah.debug.xcconfig */ = {isa = PBXFileReference; includeInIndex = 1; lastKnownFileType = text.xcconfig; name = "Pods-Blah.debug.xcconfig"; path = "Pods/Target Support Files/Pods-Blah/Pods-Blah.debug.xcconfig"; sourceTree = "<group>"; };
		ACDA023CC4D206794F87C46E /* Pods_Blah.framework */ = {isa = PBXFileReference; explicitFileType = wrapper.framework; includeInIndex = 0; path = Pods_Blah.framework; sourceTree = BUILT_PRODUCTS_DIR; };
		BD0246361D9C119E008AEC26 /* LoggerTests.swift */ = {isa = PBXFileReference; fileEncoding = 4; lastKnownFileType = sourcecode.swift; path = LoggerTests.swift; sourceTree = "<group>"; };
		BD15E0AA1D929D72005B709D /* HistogramBinFormatterTests.swift */ = {isa = PBXFileReference; fileEncoding = 4; lastKnownFileType = sourcecode.swift; path = HistogramBinFormatterTests.swift; sourceTree = "<group>"; };
		BD15E0AF1D934486005B709D /* RandomUniform.swift */ = {isa = PBXFileReference; fileEncoding = 4; lastKnownFileType = sourcecode.swift; path = RandomUniform.swift; sourceTree = "<group>"; };
		BD17D04C1D8E8BC200A18062 /* RunData.swift */ = {isa = PBXFileReference; fileEncoding = 4; lastKnownFileType = sourcecode.swift; path = RunData.swift; sourceTree = "<group>"; };
		BD17D0501D8ED9EE00A18062 /* Collection+Additions.swift */ = {isa = PBXFileReference; fileEncoding = 4; lastKnownFileType = sourcecode.swift; path = "Collection+Additions.swift"; sourceTree = "<group>"; };
		BD17D0521D8EDA9800A18062 /* Date+AdditionsTests.swift */ = {isa = PBXFileReference; fileEncoding = 4; lastKnownFileType = sourcecode.swift; path = "Date+AdditionsTests.swift"; sourceTree = "<group>"; };
		BD17D0551D8EE67C00A18062 /* OrderedArray.swift */ = {isa = PBXFileReference; fileEncoding = 4; lastKnownFileType = sourcecode.swift; path = OrderedArray.swift; sourceTree = "<group>"; };
		BD17D0581D8F42D500A18062 /* Settings.bundle */ = {isa = PBXFileReference; lastKnownFileType = "wrapper.plug-in"; path = Settings.bundle; sourceTree = "<group>"; };
		BD4948431D89F23000C50DE2 /* Blah.app */ = {isa = PBXFileReference; explicitFileType = wrapper.application; includeInIndex = 0; path = Blah.app; sourceTree = BUILT_PRODUCTS_DIR; };
		BD4948461D89F23000C50DE2 /* AppDelegate.swift */ = {isa = PBXFileReference; lastKnownFileType = sourcecode.swift; path = AppDelegate.swift; sourceTree = "<group>"; };
		BD49484D1D89F23000C50DE2 /* Base */ = {isa = PBXFileReference; lastKnownFileType = file.storyboard; name = Base; path = Base.lproj/Main.storyboard; sourceTree = "<group>"; };
		BD49484F1D89F23000C50DE2 /* Assets.xcassets */ = {isa = PBXFileReference; lastKnownFileType = folder.assetcatalog; path = Assets.xcassets; sourceTree = "<group>"; };
		BD4948521D89F23000C50DE2 /* Base */ = {isa = PBXFileReference; lastKnownFileType = file.storyboard; name = Base; path = Base.lproj/LaunchScreen.storyboard; sourceTree = "<group>"; };
		BD4948541D89F23000C50DE2 /* Info.plist */ = {isa = PBXFileReference; lastKnownFileType = text.plist.xml; path = Info.plist; sourceTree = "<group>"; };
		BD4948591D89F23000C50DE2 /* BlahTests.xctest */ = {isa = PBXFileReference; explicitFileType = wrapper.cfbundle; includeInIndex = 0; path = BlahTests.xctest; sourceTree = BUILT_PRODUCTS_DIR; };
		BD49485D1D89F23000C50DE2 /* NewTests.swift */ = {isa = PBXFileReference; lastKnownFileType = sourcecode.swift; path = NewTests.swift; sourceTree = "<group>"; };
		BD49485F1D89F23000C50DE2 /* Info.plist */ = {isa = PBXFileReference; lastKnownFileType = text.plist.xml; path = Info.plist; sourceTree = "<group>"; };
		BD4948771D89F34200C50DE2 /* dropbox.png */ = {isa = PBXFileReference; lastKnownFileType = image.png; path = dropbox.png; sourceTree = "<group>"; };
		BD4948781D89F34200C50DE2 /* dropbox@2x.png */ = {isa = PBXFileReference; lastKnownFileType = image.png; path = "dropbox@2x.png"; sourceTree = "<group>"; };
		BD4948791D89F34200C50DE2 /* dropboxBig.png */ = {isa = PBXFileReference; lastKnownFileType = image.png; path = dropboxBig.png; sourceTree = "<group>"; };
		BD49487A1D89F34200C50DE2 /* events.opacity */ = {isa = PBXFileReference; lastKnownFileType = file; path = events.opacity; sourceTree = "<group>"; };
		BD49487B1D89F34200C50DE2 /* events.png */ = {isa = PBXFileReference; lastKnownFileType = image.png; path = events.png; sourceTree = "<group>"; };
		BD49487C1D89F34200C50DE2 /* events@2x.png */ = {isa = PBXFileReference; lastKnownFileType = image.png; path = "events@2x.png"; sourceTree = "<group>"; };
		BD49487D1D89F34200C50DE2 /* glyphicons_195_circle_info.png */ = {isa = PBXFileReference; lastKnownFileType = image.png; path = glyphicons_195_circle_info.png; sourceTree = "<group>"; };
		BD49487E1D89F34200C50DE2 /* log.opacity */ = {isa = PBXFileReference; lastKnownFileType = file; path = log.opacity; sourceTree = "<group>"; };
		BD49487F1D89F34200C50DE2 /* log.png */ = {isa = PBXFileReference; lastKnownFileType = image.png; path = log.png; sourceTree = "<group>"; };
		BD4948801D89F34200C50DE2 /* log@2x.png */ = {isa = PBXFileReference; lastKnownFileType = image.png; path = "log@2x.png"; sourceTree = "<group>"; };
		BD4948811D89F34200C50DE2 /* plot.opacity */ = {isa = PBXFileReference; lastKnownFileType = file; path = plot.opacity; sourceTree = "<group>"; };
		BD4948821D89F34200C50DE2 /* plot.png */ = {isa = PBXFileReference; lastKnownFileType = image.png; path = plot.png; sourceTree = "<group>"; };
		BD4948831D89F34200C50DE2 /* plot@2x.png */ = {isa = PBXFileReference; lastKnownFileType = image.png; path = "plot@2x.png"; sourceTree = "<group>"; };
		BD4948841D89F34200C50DE2 /* settings.opacity */ = {isa = PBXFileReference; lastKnownFileType = file; path = settings.opacity; sourceTree = "<group>"; };
		BD4948851D89F34200C50DE2 /* settings.png */ = {isa = PBXFileReference; lastKnownFileType = image.png; path = settings.png; sourceTree = "<group>"; };
		BD4948861D89F34200C50DE2 /* settings@2x.png */ = {isa = PBXFileReference; lastKnownFileType = image.png; path = "settings@2x.png"; sourceTree = "<group>"; };
		BD4948871D89F34200C50DE2 /* share.png */ = {isa = PBXFileReference; lastKnownFileType = image.png; path = share.png; sourceTree = "<group>"; };
		BD4948881D89F34200C50DE2 /* share@2x.png */ = {isa = PBXFileReference; lastKnownFileType = image.png; path = "share@2x.png"; sourceTree = "<group>"; };
		BD4948891D89F34200C50DE2 /* trash-25.png */ = {isa = PBXFileReference; lastKnownFileType = image.png; path = "trash-25.png"; sourceTree = "<group>"; };
		BD49488A1D89F34200C50DE2 /* trash-50.png */ = {isa = PBXFileReference; lastKnownFileType = image.png; path = "trash-50.png"; sourceTree = "<group>"; };
		BD49488B1D89F34200C50DE2 /* trash-75.png */ = {isa = PBXFileReference; lastKnownFileType = image.png; path = "trash-75.png"; sourceTree = "<group>"; };
		BD49488C1D89F34200C50DE2 /* trash-100.png */ = {isa = PBXFileReference; lastKnownFileType = image.png; path = "trash-100.png"; sourceTree = "<group>"; };
		BD49488D1D89F34200C50DE2 /* UIBarButtonAction_2x.png */ = {isa = PBXFileReference; lastKnownFileType = image.png; path = UIBarButtonAction_2x.png; sourceTree = "<group>"; };
		BD4948A51D89F6E300C50DE2 /* plot.pdf */ = {isa = PBXFileReference; lastKnownFileType = image.pdf; path = plot.pdf; sourceTree = "<group>"; };
		BD4948A71D89F79100C50DE2 /* events.pdf */ = {isa = PBXFileReference; lastKnownFileType = image.pdf; path = events.pdf; sourceTree = "<group>"; };
		BD4948A91D89FB6900C50DE2 /* logs.pdf */ = {isa = PBXFileReference; lastKnownFileType = image.pdf; path = logs.pdf; sourceTree = "<group>"; };
		BD4C0B071D91217000C0611F /* UserSettingsTests.swift */ = {isa = PBXFileReference; fileEncoding = 4; lastKnownFileType = sourcecode.swift; path = UserSettingsTests.swift; sourceTree = "<group>"; };
		BD5605351D8FC2F200CFE29B /* UserSettings.swift */ = {isa = PBXFileReference; fileEncoding = 4; lastKnownFileType = sourcecode.swift; path = UserSettings.swift; sourceTree = "<group>"; };
		BD58DDBB1D97C476007765E3 /* PlotTimeFormatter.swift */ = {isa = PBXFileReference; fileEncoding = 4; lastKnownFileType = sourcecode.swift; path = PlotTimeFormatter.swift; sourceTree = "<group>"; };
		BD58DDBD1D97CB7D007765E3 /* PlotTimeFormatterTests.swift */ = {isa = PBXFileReference; fileEncoding = 4; lastKnownFileType = sourcecode.swift; path = PlotTimeFormatterTests.swift; sourceTree = "<group>"; };
		BD6539EE1DA3F6EE008C32C6 /* Recording.swift */ = {isa = PBXFileReference; fileEncoding = 4; lastKnownFileType = sourcecode.swift; path = Recording.swift; sourceTree = "<group>"; };
		BD6539F11DA3F71B008C32C6 /* RecordingModel.xcdatamodel */ = {isa = PBXFileReference; lastKnownFileType = wrapper.xcdatamodel; path = RecordingModel.xcdatamodel; sourceTree = "<group>"; };
		BD6539F71DA448EC008C32C6 /* RecordingsTableViewController.swift */ = {isa = PBXFileReference; fileEncoding = 4; lastKnownFileType = sourcecode.swift; path = RecordingsTableViewController.swift; sourceTree = "<group>"; };
		BD7564941D99171000CE455F /* PlotLatencyFormatter.swift */ = {isa = PBXFileReference; fileEncoding = 4; lastKnownFileType = sourcecode.swift; path = PlotLatencyFormatter.swift; sourceTree = "<group>"; };
		BD7564961D991C5000CE455F /* PlotLatencyFormatterTests.swift */ = {isa = PBXFileReference; fileEncoding = 4; lastKnownFileType = sourcecode.swift; path = PlotLatencyFormatterTests.swift; sourceTree = "<group>"; };
		BD7564981D9931A800CE455F /* Date+Additions.swift */ = {isa = PBXFileReference; fileEncoding = 4; lastKnownFileType = sourcecode.swift; path = "Date+Additions.swift"; sourceTree = "<group>"; };
		BD75649A1D99321500CE455F /* Collection+AdditionsTests.swift */ = {isa = PBXFileReference; fileEncoding = 4; lastKnownFileType = sourcecode.swift; path = "Collection+AdditionsTests.swift"; sourceTree = "<group>"; };
		BD75649C1D99703900CE455F /* TextRecorder.swift */ = {isa = PBXFileReference; fileEncoding = 4; lastKnownFileType = sourcecode.swift; path = TextRecorder.swift; sourceTree = "<group>"; };
		BD75649E1D99B0B700CE455F /* Logger.swift */ = {isa = PBXFileReference; fileEncoding = 4; lastKnownFileType = sourcecode.swift; path = Logger.swift; sourceTree = "<group>"; };
		BD7564A01D99B67E00CE455F /* EventLogTests.swift */ = {isa = PBXFileReference; fileEncoding = 4; lastKnownFileType = sourcecode.swift; path = EventLogTests.swift; sourceTree = "<group>"; };
		BD7564A21D99C72600CE455F /* EventLog.swift */ = {isa = PBXFileReference; fileEncoding = 4; lastKnownFileType = sourcecode.swift; path = EventLog.swift; sourceTree = "<group>"; };
		BD87F5981D8A2AD1007A6F99 /* PlotsViewController.swift */ = {isa = PBXFileReference; fileEncoding = 4; lastKnownFileType = sourcecode.swift; path = PlotsViewController.swift; sourceTree = "<group>"; };
		BD87F59B1D8A2AFE007A6F99 /* SettingsViewController.swift */ = {isa = PBXFileReference; fileEncoding = 4; lastKnownFileType = sourcecode.swift; path = SettingsViewController.swift; sourceTree = "<group>"; };
		BD87F59E1D8AAAD1007A6F99 /* GraphLatencyByTime.swift */ = {isa = PBXFileReference; fileEncoding = 4; lastKnownFileType = sourcecode.swift; path = GraphLatencyByTime.swift; sourceTree = "<group>"; };
		BD87F5A21D8AC829007A6F99 /* Sample.swift */ = {isa = PBXFileReference; fileEncoding = 4; lastKnownFileType = sourcecode.swift; path = Sample.swift; sourceTree = "<group>"; };
		BD87F5A41D8ADDE0007A6F99 /* Histogram.swift */ = {isa = PBXFileReference; fileEncoding = 4; lastKnownFileType = sourcecode.swift; path = Histogram.swift; sourceTree = "<group>"; };
		BDA9CA871D8BF1CB0028991F /* HistogramBinFormatter.swift */ = {isa = PBXFileReference; fileEncoding = 4; lastKnownFileType = sourcecode.swift; path = HistogramBinFormatter.swift; sourceTree = "<group>"; };
		BDA9CA8B1D8BFADF0028991F /* HistorgramTests.swift */ = {isa = PBXFileReference; fileEncoding = 4; lastKnownFileType = sourcecode.swift; path = HistorgramTests.swift; sourceTree = "<group>"; };
		BDBB025A1DA45942000838E0 /* LowerViewManager.swift */ = {isa = PBXFileReference; fileEncoding = 4; lastKnownFileType = sourcecode.swift; path = LowerViewManager.swift; sourceTree = "<group>"; };
		BDBB025C1DA45983000838E0 /* LowerView.swift */ = {isa = PBXFileReference; fileEncoding = 4; lastKnownFileType = sourcecode.swift; path = LowerView.swift; sourceTree = "<group>"; };
		BDBB025E1DA476F2000838E0 /* RecordingsStore.swift */ = {isa = PBXFileReference; fileEncoding = 4; lastKnownFileType = sourcecode.swift; path = RecordingsStore.swift; sourceTree = "<group>"; };
		BDBB02641DA4FBC7000838E0 /* Recording+CoreDataProperties.swift */ = {isa = PBXFileReference; fileEncoding = 4; lastKnownFileType = sourcecode.swift; path = "Recording+CoreDataProperties.swift"; sourceTree = "<group>"; };
		BDBCEF401DA7898300B09DC9 /* AppNotifications.swift */ = {isa = PBXFileReference; fileEncoding = 4; lastKnownFileType = sourcecode.swift; path = AppNotifications.swift; sourceTree = "<group>"; };
		BDBCEF4B1DA8F9A800B09DC9 /* BlahUITests.xctest */ = {isa = PBXFileReference; explicitFileType = wrapper.cfbundle; includeInIndex = 0; path = BlahUITests.xctest; sourceTree = BUILT_PRODUCTS_DIR; };
		BDBCEF4D1DA8F9A800B09DC9 /* BlahUITests.swift */ = {isa = PBXFileReference; lastKnownFileType = sourcecode.swift; path = BlahUITests.swift; sourceTree = "<group>"; };
		BDBCEF4F1DA8F9A800B09DC9 /* Info.plist */ = {isa = PBXFileReference; lastKnownFileType = text.plist.xml; path = Info.plist; sourceTree = "<group>"; };
		BDBCEF551DA9CC5400B09DC9 /* CriticalSection.swift */ = {isa = PBXFileReference; fileEncoding = 4; lastKnownFileType = sourcecode.swift; path = CriticalSection.swift; sourceTree = "<group>"; };
		BDBCEF571DA9CE3D00B09DC9 /* PassiveDependencyInjector.swift */ = {isa = PBXFileReference; fileEncoding = 4; lastKnownFileType = sourcecode.swift; path = PassiveDependencyInjector.swift; sourceTree = "<group>"; };
		BDDC9D771D8AFC4100C36430 /* GraphLatencyHistogram.swift */ = {isa = PBXFileReference; fileEncoding = 4; lastKnownFileType = sourcecode.swift; path = GraphLatencyHistogram.swift; sourceTree = "<group>"; };
		F34C4E5F49323E86C7948436 /* Pods-BlahTests.debug.xcconfig */ = {isa = PBXFileReference; includeInIndex = 1; lastKnownFileType = text.xcconfig; name = "Pods-BlahTests.debug.xcconfig"; path = "Pods/Target Support Files/Pods-BlahTests/Pods-BlahTests.debug.xcconfig"; sourceTree = "<group>"; };
		F657859C3132944BCAC76486 /* Pods-BlahTests.release.xcconfig */ = {isa = PBXFileReference; includeInIndex = 1; lastKnownFileType = text.xcconfig; name = "Pods-BlahTests.release.xcconfig"; path = "Pods/Target Support Files/Pods-BlahTests/Pods-BlahTests.release.xcconfig"; sourceTree = "<group>"; };
		FF00F94554101A88F19C9D5D /* Pods-Blah.release.xcconfig */ = {isa = PBXFileReference; includeInIndex = 1; lastKnownFileType = text.xcconfig; name = "Pods-Blah.release.xcconfig"; path = "Pods/Target Support Files/Pods-Blah/Pods-Blah.release.xcconfig"; sourceTree = "<group>"; };
/* End PBXFileReference section */

/* Begin PBXFrameworksBuildPhase section */
		BD4948401D89F23000C50DE2 /* Frameworks */ = {
			isa = PBXFrameworksBuildPhase;
			buildActionMask = 2147483647;
			files = (
				CE6535F626638F337BDB06FC /* Pods_Blah.framework in Frameworks */,
			);
			runOnlyForDeploymentPostprocessing = 0;
		};
		BD4948561D89F23000C50DE2 /* Frameworks */ = {
			isa = PBXFrameworksBuildPhase;
			buildActionMask = 2147483647;
			files = (
				A99F36D20E19A3863256F81F /* Pods_BlahTests.framework in Frameworks */,
			);
			runOnlyForDeploymentPostprocessing = 0;
		};
		BDBCEF481DA8F9A800B09DC9 /* Frameworks */ = {
			isa = PBXFrameworksBuildPhase;
			buildActionMask = 2147483647;
			files = (
			);
			runOnlyForDeploymentPostprocessing = 0;
		};
/* End PBXFrameworksBuildPhase section */

/* Begin PBXGroup section */
		9B036D5DD3D0C1F12793DA5D /* Pods */ = {
			isa = PBXGroup;
			children = (
				AA6633FA5AD9CE9DEF3BFB71 /* Pods-Blah.debug.xcconfig */,
				FF00F94554101A88F19C9D5D /* Pods-Blah.release.xcconfig */,
				F34C4E5F49323E86C7948436 /* Pods-BlahTests.debug.xcconfig */,
				F657859C3132944BCAC76486 /* Pods-BlahTests.release.xcconfig */,
			);
			name = Pods;
			sourceTree = "<group>";
		};
		BD49483A1D89F23000C50DE2 = {
			isa = PBXGroup;
			children = (
				BD4948451D89F23000C50DE2 /* Blah */,
				BD49485C1D89F23000C50DE2 /* BlahTests */,
				BDBCEF4C1DA8F9A800B09DC9 /* BlahUITests */,
				BD4948441D89F23000C50DE2 /* Products */,
				9B036D5DD3D0C1F12793DA5D /* Pods */,
				E1DC4418229A0BE213244764 /* Frameworks */,
			);
			sourceTree = "<group>";
		};
		BD4948441D89F23000C50DE2 /* Products */ = {
			isa = PBXGroup;
			children = (
				BD4948431D89F23000C50DE2 /* Blah.app */,
				BD4948591D89F23000C50DE2 /* BlahTests.xctest */,
				BDBCEF4B1DA8F9A800B09DC9 /* BlahUITests.xctest */,
			);
			name = Products;
			sourceTree = "<group>";
		};
		BD4948451D89F23000C50DE2 /* Blah */ = {
			isa = PBXGroup;
			children = (
				BDBCEF571DA9CE3D00B09DC9 /* PassiveDependencyInjector.swift */,
				BD4948461D89F23000C50DE2 /* AppDelegate.swift */,
				BDBCEF401DA7898300B09DC9 /* AppNotifications.swift */,
				BD49484C1D89F23000C50DE2 /* Main.storyboard */,
				BDBB02541DA44EDE000838E0 /* Plots */,
				BDBB02531DA44EA0000838E0 /* Recordings */,
				BDBB02561DA44F3E000838E0 /* Settings */,
				BDBB02571DA44FC0000838E0 /* Data */,
				BDBB02551DA44F2E000838E0 /* Logs */,
				BDBB02581DA44FDC000838E0 /* Utils */,
				BD49484F1D89F23000C50DE2 /* Assets.xcassets */,
				BD4948541D89F23000C50DE2 /* Info.plist */,
				BD4948511D89F23000C50DE2 /* LaunchScreen.storyboard */,
				BD17D0581D8F42D500A18062 /* Settings.bundle */,
				BD4948761D89F2FE00C50DE2 /* Images */,
			);
			path = Blah;
			sourceTree = "<group>";
		};
		BD49485C1D89F23000C50DE2 /* BlahTests */ = {
			isa = PBXGroup;
			children = (
				BD49485D1D89F23000C50DE2 /* NewTests.swift */,
				BD75649A1D99321500CE455F /* Collection+AdditionsTests.swift */,
				BD17D0521D8EDA9800A18062 /* Date+AdditionsTests.swift */,
				BD7564A01D99B67E00CE455F /* EventLogTests.swift */,
				BDA9CA8B1D8BFADF0028991F /* HistorgramTests.swift */,
				BD15E0AA1D929D72005B709D /* HistogramBinFormatterTests.swift */,
				BD0246361D9C119E008AEC26 /* LoggerTests.swift */,
				BD7564961D991C5000CE455F /* PlotLatencyFormatterTests.swift */,
				BD58DDBD1D97CB7D007765E3 /* PlotTimeFormatterTests.swift */,
				BD4C0B071D91217000C0611F /* UserSettingsTests.swift */,
				BD49485F1D89F23000C50DE2 /* Info.plist */,
			);
			path = BlahTests;
			sourceTree = "<group>";
		};
		BD4948761D89F2FE00C50DE2 /* Images */ = {
			isa = PBXGroup;
			children = (
				BD4948A91D89FB6900C50DE2 /* logs.pdf */,
				BD4948A71D89F79100C50DE2 /* events.pdf */,
				BD4948A51D89F6E300C50DE2 /* plot.pdf */,
				BD4948771D89F34200C50DE2 /* dropbox.png */,
				BD4948781D89F34200C50DE2 /* dropbox@2x.png */,
				BD4948791D89F34200C50DE2 /* dropboxBig.png */,
				BD49487A1D89F34200C50DE2 /* events.opacity */,
				BD49487B1D89F34200C50DE2 /* events.png */,
				BD49487C1D89F34200C50DE2 /* events@2x.png */,
				BD49487D1D89F34200C50DE2 /* glyphicons_195_circle_info.png */,
				BD49487E1D89F34200C50DE2 /* log.opacity */,
				BD49487F1D89F34200C50DE2 /* log.png */,
				BD4948801D89F34200C50DE2 /* log@2x.png */,
				BD4948811D89F34200C50DE2 /* plot.opacity */,
				BD4948821D89F34200C50DE2 /* plot.png */,
				BD4948831D89F34200C50DE2 /* plot@2x.png */,
				BD4948841D89F34200C50DE2 /* settings.opacity */,
				BD4948851D89F34200C50DE2 /* settings.png */,
				BD4948861D89F34200C50DE2 /* settings@2x.png */,
				BD4948871D89F34200C50DE2 /* share.png */,
				BD4948881D89F34200C50DE2 /* share@2x.png */,
				BD4948891D89F34200C50DE2 /* trash-25.png */,
				BD49488A1D89F34200C50DE2 /* trash-50.png */,
				BD49488B1D89F34200C50DE2 /* trash-75.png */,
				BD49488C1D89F34200C50DE2 /* trash-100.png */,
				BD49488D1D89F34200C50DE2 /* UIBarButtonAction_2x.png */,
			);
			name = Images;
			sourceTree = "<group>";
		};
		BDBB02531DA44EA0000838E0 /* Recordings */ = {
			isa = PBXGroup;
			children = (
				BD6539F71DA448EC008C32C6 /* RecordingsTableViewController.swift */,
				BDBB025E1DA476F2000838E0 /* RecordingsStore.swift */,
				BD6539EE1DA3F6EE008C32C6 /* Recording.swift */,
				BDBB02641DA4FBC7000838E0 /* Recording+CoreDataProperties.swift */,
				BD6539F01DA3F71B008C32C6 /* RecordingModel.xcdatamodeld */,
			);
			name = Recordings;
			sourceTree = "<group>";
		};
		BDBB02541DA44EDE000838E0 /* Plots */ = {
			isa = PBXGroup;
			children = (
				BD87F5981D8A2AD1007A6F99 /* PlotsViewController.swift */,
				BDBB025C1DA45983000838E0 /* LowerView.swift */,
				BDBB025A1DA45942000838E0 /* LowerViewManager.swift */,
				BD87F59E1D8AAAD1007A6F99 /* GraphLatencyByTime.swift */,
				BDDC9D771D8AFC4100C36430 /* GraphLatencyHistogram.swift */,
				BDBB02591DA45246000838E0 /* Label Formatters */,
			);
			name = Plots;
			sourceTree = "<group>";
		};
		BDBB02551DA44F2E000838E0 /* Logs */ = {
			isa = PBXGroup;
			children = (
				BD7564A21D99C72600CE455F /* EventLog.swift */,
				BD75649E1D99B0B700CE455F /* Logger.swift */,
				BD75649C1D99703900CE455F /* TextRecorder.swift */,
			);
			name = Logs;
			sourceTree = "<group>";
		};
		BDBB02561DA44F3E000838E0 /* Settings */ = {
			isa = PBXGroup;
			children = (
				BD87F59B1D8A2AFE007A6F99 /* SettingsViewController.swift */,
				BD5605351D8FC2F200CFE29B /* UserSettings.swift */,
			);
			name = Settings;
			sourceTree = "<group>";
		};
		BDBB02571DA44FC0000838E0 /* Data */ = {
			isa = PBXGroup;
			children = (
				BD87F5A41D8ADDE0007A6F99 /* Histogram.swift */,
				BD87F5A21D8AC829007A6F99 /* Sample.swift */,
				BD17D04C1D8E8BC200A18062 /* RunData.swift */,
			);
			name = Data;
			sourceTree = "<group>";
		};
		BDBB02581DA44FDC000838E0 /* Utils */ = {
			isa = PBXGroup;
			children = (
				BD17D0501D8ED9EE00A18062 /* Collection+Additions.swift */,
				BD7564981D9931A800CE455F /* Date+Additions.swift */,
				BD17D0551D8EE67C00A18062 /* OrderedArray.swift */,
				BD15E0AF1D934486005B709D /* RandomUniform.swift */,
				BDBCEF551DA9CC5400B09DC9 /* CriticalSection.swift */,
			);
			name = Utils;
			sourceTree = "<group>";
		};
		BDBB02591DA45246000838E0 /* Label Formatters */ = {
			isa = PBXGroup;
			children = (
				BDA9CA871D8BF1CB0028991F /* HistogramBinFormatter.swift */,
				BD7564941D99171000CE455F /* PlotLatencyFormatter.swift */,
				BD58DDBB1D97C476007765E3 /* PlotTimeFormatter.swift */,
			);
			name = "Label Formatters";
			sourceTree = "<group>";
		};
		BDBCEF4C1DA8F9A800B09DC9 /* BlahUITests */ = {
			isa = PBXGroup;
			children = (
				BDBCEF4D1DA8F9A800B09DC9 /* BlahUITests.swift */,
				BDBCEF4F1DA8F9A800B09DC9 /* Info.plist */,
			);
			path = BlahUITests;
			sourceTree = "<group>";
		};
		E1DC4418229A0BE213244764 /* Frameworks */ = {
			isa = PBXGroup;
			children = (
				ACDA023CC4D206794F87C46E /* Pods_Blah.framework */,
				A9C7739DC058680F7AC8841A /* Pods_BlahTests.framework */,
			);
			name = Frameworks;
			sourceTree = "<group>";
		};
/* End PBXGroup section */

/* Begin PBXNativeTarget section */
		BD4948421D89F23000C50DE2 /* Blah */ = {
			isa = PBXNativeTarget;
			buildConfigurationList = BD49486D1D89F23000C50DE2 /* Build configuration list for PBXNativeTarget "Blah" */;
			buildPhases = (
				17917ECA16F1AAD0BE63E97E /* [CP] Check Pods Manifest.lock */,
				BD49483F1D89F23000C50DE2 /* Sources */,
				BD4948401D89F23000C50DE2 /* Frameworks */,
				BD4948411D89F23000C50DE2 /* Resources */,
				49EAABB3D420E5BDA31E4600 /* [CP] Embed Pods Frameworks */,
				620F32FE250F50D10C3C4C8C /* [CP] Copy Pods Resources */,
			);
			buildRules = (
			);
			dependencies = (
			);
			name = Blah;
			productName = Blah;
			productReference = BD4948431D89F23000C50DE2 /* Blah.app */;
			productType = "com.apple.product-type.application";
		};
		BD4948581D89F23000C50DE2 /* BlahTests */ = {
			isa = PBXNativeTarget;
			buildConfigurationList = BD4948701D89F23000C50DE2 /* Build configuration list for PBXNativeTarget "BlahTests" */;
			buildPhases = (
				59DA6973ECBFE8FB5FC4F0CA /* [CP] Check Pods Manifest.lock */,
				BD4948551D89F23000C50DE2 /* Sources */,
				BD4948561D89F23000C50DE2 /* Frameworks */,
				BD4948571D89F23000C50DE2 /* Resources */,
				4FF73D4477598C9D5BAD089C /* [CP] Embed Pods Frameworks */,
				482A3147FDE5A37306BA4489 /* [CP] Copy Pods Resources */,
			);
			buildRules = (
			);
			dependencies = (
				BD49485B1D89F23000C50DE2 /* PBXTargetDependency */,
			);
			name = BlahTests;
			productName = BlahTests;
			productReference = BD4948591D89F23000C50DE2 /* BlahTests.xctest */;
			productType = "com.apple.product-type.bundle.unit-test";
		};
		BDBCEF4A1DA8F9A800B09DC9 /* BlahUITests */ = {
			isa = PBXNativeTarget;
			buildConfigurationList = BDBCEF521DA8F9A800B09DC9 /* Build configuration list for PBXNativeTarget "BlahUITests" */;
			buildPhases = (
				BDBCEF471DA8F9A800B09DC9 /* Sources */,
				BDBCEF481DA8F9A800B09DC9 /* Frameworks */,
				BDBCEF491DA8F9A800B09DC9 /* Resources */,
			);
			buildRules = (
			);
			dependencies = (
				BDBCEF511DA8F9A800B09DC9 /* PBXTargetDependency */,
			);
			name = BlahUITests;
			productName = BlahUITests;
			productReference = BDBCEF4B1DA8F9A800B09DC9 /* BlahUITests.xctest */;
			productType = "com.apple.product-type.bundle.ui-testing";
		};
/* End PBXNativeTarget section */

/* Begin PBXProject section */
		BD49483B1D89F23000C50DE2 /* Project object */ = {
			isa = PBXProject;
			attributes = {
				LastSwiftUpdateCheck = 0800;
				LastUpgradeCheck = 0800;
				ORGANIZATIONNAME = "Brad Howes";
				TargetAttributes = {
					BD4948421D89F23000C50DE2 = {
						CreatedOnToolsVersion = 7.3.1;
						DevelopmentTeam = Z7R62JH5A8;
						LastSwiftMigration = 0800;
					};
					BD4948581D89F23000C50DE2 = {
						CreatedOnToolsVersion = 7.3.1;
						LastSwiftMigration = 0800;
						TestTargetID = BD4948421D89F23000C50DE2;
					};
					BDBCEF4A1DA8F9A800B09DC9 = {
						CreatedOnToolsVersion = 8.0;
						DevelopmentTeam = Z7R62JH5A8;
						ProvisioningStyle = Automatic;
						TestTargetID = BD4948421D89F23000C50DE2;
					};
				};
			};
			buildConfigurationList = BD49483E1D89F23000C50DE2 /* Build configuration list for PBXProject "Blah" */;
			compatibilityVersion = "Xcode 3.2";
			developmentRegion = English;
			hasScannedForEncodings = 0;
			knownRegions = (
				en,
				Base,
			);
			mainGroup = BD49483A1D89F23000C50DE2;
			productRefGroup = BD4948441D89F23000C50DE2 /* Products */;
			projectDirPath = "";
			projectRoot = "";
			targets = (
				BD4948421D89F23000C50DE2 /* Blah */,
				BD4948581D89F23000C50DE2 /* BlahTests */,
				BDBCEF4A1DA8F9A800B09DC9 /* BlahUITests */,
			);
		};
/* End PBXProject section */

/* Begin PBXResourcesBuildPhase section */
		BD4948411D89F23000C50DE2 /* Resources */ = {
			isa = PBXResourcesBuildPhase;
			buildActionMask = 2147483647;
			files = (
				BD4948A11D89F34200C50DE2 /* trash-50.png in Resources */,
				BD4948961D89F34200C50DE2 /* log.png in Resources */,
				BD4948A21D89F34200C50DE2 /* trash-75.png in Resources */,
				BD4948A31D89F34200C50DE2 /* trash-100.png in Resources */,
				BD49488E1D89F34200C50DE2 /* dropbox.png in Resources */,
				BD4948941D89F34200C50DE2 /* glyphicons_195_circle_info.png in Resources */,
				BD4948951D89F34200C50DE2 /* log.opacity in Resources */,
				BD4948531D89F23000C50DE2 /* LaunchScreen.storyboard in Resources */,
				BD49489F1D89F34200C50DE2 /* share@2x.png in Resources */,
				BD4948971D89F34200C50DE2 /* log@2x.png in Resources */,
				BD4948A01D89F34200C50DE2 /* trash-25.png in Resources */,
				BD49489C1D89F34200C50DE2 /* settings.png in Resources */,
				BD49489E1D89F34200C50DE2 /* share.png in Resources */,
				BD4948A41D89F34200C50DE2 /* UIBarButtonAction_2x.png in Resources */,
				BD4948921D89F34200C50DE2 /* events.png in Resources */,
				BD49489A1D89F34200C50DE2 /* plot@2x.png in Resources */,
				BD4948501D89F23000C50DE2 /* Assets.xcassets in Resources */,
				BD4948981D89F34200C50DE2 /* plot.opacity in Resources */,
				BD4948911D89F34200C50DE2 /* events.opacity in Resources */,
				BD4948901D89F34200C50DE2 /* dropboxBig.png in Resources */,
				BD4948991D89F34200C50DE2 /* plot.png in Resources */,
				BD49488F1D89F34200C50DE2 /* dropbox@2x.png in Resources */,
				BD17D0591D8F42D500A18062 /* Settings.bundle in Resources */,
				BD4948AA1D89FB6900C50DE2 /* logs.pdf in Resources */,
				BD49489D1D89F34200C50DE2 /* settings@2x.png in Resources */,
				BD4948A81D89F79100C50DE2 /* events.pdf in Resources */,
				BD49484E1D89F23000C50DE2 /* Main.storyboard in Resources */,
				BD49489B1D89F34200C50DE2 /* settings.opacity in Resources */,
				BD4948931D89F34200C50DE2 /* events@2x.png in Resources */,
				BD4948A61D89F6E300C50DE2 /* plot.pdf in Resources */,
			);
			runOnlyForDeploymentPostprocessing = 0;
		};
		BD4948571D89F23000C50DE2 /* Resources */ = {
			isa = PBXResourcesBuildPhase;
			buildActionMask = 2147483647;
			files = (
			);
			runOnlyForDeploymentPostprocessing = 0;
		};
		BDBCEF491DA8F9A800B09DC9 /* Resources */ = {
			isa = PBXResourcesBuildPhase;
			buildActionMask = 2147483647;
			files = (
			);
			runOnlyForDeploymentPostprocessing = 0;
		};
/* End PBXResourcesBuildPhase section */

/* Begin PBXShellScriptBuildPhase section */
		17917ECA16F1AAD0BE63E97E /* [CP] Check Pods Manifest.lock */ = {
			isa = PBXShellScriptBuildPhase;
			buildActionMask = 2147483647;
			files = (
			);
			inputPaths = (
			);
			name = "[CP] Check Pods Manifest.lock";
			outputPaths = (
			);
			runOnlyForDeploymentPostprocessing = 0;
			shellPath = /bin/sh;
			shellScript = "diff \"${PODS_ROOT}/../Podfile.lock\" \"${PODS_ROOT}/Manifest.lock\" > /dev/null\nif [[ $? != 0 ]] ; then\n    cat << EOM\nerror: The sandbox is not in sync with the Podfile.lock. Run 'pod install' or update your CocoaPods installation.\nEOM\n    exit 1\nfi\n";
			showEnvVarsInLog = 0;
		};
		482A3147FDE5A37306BA4489 /* [CP] Copy Pods Resources */ = {
			isa = PBXShellScriptBuildPhase;
			buildActionMask = 2147483647;
			files = (
			);
			inputPaths = (
			);
			name = "[CP] Copy Pods Resources";
			outputPaths = (
			);
			runOnlyForDeploymentPostprocessing = 0;
			shellPath = /bin/sh;
			shellScript = "\"${SRCROOT}/Pods/Target Support Files/Pods-BlahTests/Pods-BlahTests-resources.sh\"\n";
			showEnvVarsInLog = 0;
		};
		49EAABB3D420E5BDA31E4600 /* [CP] Embed Pods Frameworks */ = {
			isa = PBXShellScriptBuildPhase;
			buildActionMask = 2147483647;
			files = (
			);
			inputPaths = (
			);
			name = "[CP] Embed Pods Frameworks";
			outputPaths = (
			);
			runOnlyForDeploymentPostprocessing = 0;
			shellPath = /bin/sh;
			shellScript = "\"${SRCROOT}/Pods/Target Support Files/Pods-Blah/Pods-Blah-frameworks.sh\"\n";
			showEnvVarsInLog = 0;
		};
		4FF73D4477598C9D5BAD089C /* [CP] Embed Pods Frameworks */ = {
			isa = PBXShellScriptBuildPhase;
			buildActionMask = 2147483647;
			files = (
			);
			inputPaths = (
			);
			name = "[CP] Embed Pods Frameworks";
			outputPaths = (
			);
			runOnlyForDeploymentPostprocessing = 0;
			shellPath = /bin/sh;
			shellScript = "\"${SRCROOT}/Pods/Target Support Files/Pods-BlahTests/Pods-BlahTests-frameworks.sh\"\n";
			showEnvVarsInLog = 0;
		};
		59DA6973ECBFE8FB5FC4F0CA /* [CP] Check Pods Manifest.lock */ = {
			isa = PBXShellScriptBuildPhase;
			buildActionMask = 2147483647;
			files = (
			);
			inputPaths = (
			);
			name = "[CP] Check Pods Manifest.lock";
			outputPaths = (
			);
			runOnlyForDeploymentPostprocessing = 0;
			shellPath = /bin/sh;
			shellScript = "diff \"${PODS_ROOT}/../Podfile.lock\" \"${PODS_ROOT}/Manifest.lock\" > /dev/null\nif [[ $? != 0 ]] ; then\n    cat << EOM\nerror: The sandbox is not in sync with the Podfile.lock. Run 'pod install' or update your CocoaPods installation.\nEOM\n    exit 1\nfi\n";
			showEnvVarsInLog = 0;
		};
		620F32FE250F50D10C3C4C8C /* [CP] Copy Pods Resources */ = {
			isa = PBXShellScriptBuildPhase;
			buildActionMask = 2147483647;
			files = (
			);
			inputPaths = (
			);
			name = "[CP] Copy Pods Resources";
			outputPaths = (
			);
			runOnlyForDeploymentPostprocessing = 0;
			shellPath = /bin/sh;
			shellScript = "\"${SRCROOT}/Pods/Target Support Files/Pods-Blah/Pods-Blah-resources.sh\"\n";
			showEnvVarsInLog = 0;
		};
/* End PBXShellScriptBuildPhase section */

/* Begin PBXSourcesBuildPhase section */
		BD49483F1D89F23000C50DE2 /* Sources */ = {
			isa = PBXSourcesBuildPhase;
			buildActionMask = 2147483647;
			files = (
				BD4948471D89F23000C50DE2 /* AppDelegate.swift in Sources */,
				BD87F59F1D8AAAD1007A6F99 /* GraphLatencyByTime.swift in Sources */,
				BDFEEC3C1D91E875003E8555 /* UserSettings.swift in Sources */,
				BDBB025D1DA45983000838E0 /* LowerView.swift in Sources */,
				BDBCEF561DA9CC5400B09DC9 /* CriticalSection.swift in Sources */,
				BD58DDBC1D97C476007765E3 /* PlotTimeFormatter.swift in Sources */,
				BD17D0561D8EE67C00A18062 /* OrderedArray.swift in Sources */,
				BD6539F81DA448EC008C32C6 /* RecordingsTableViewController.swift in Sources */,
				BD15E0B01D934486005B709D /* RandomUniform.swift in Sources */,
				BDBCEF581DA9CE3D00B09DC9 /* PassiveDependencyInjector.swift in Sources */,
				BDBCEF411DA7898300B09DC9 /* AppNotifications.swift in Sources */,
				BD87F5991D8A2AD1007A6F99 /* PlotsViewController.swift in Sources */,
				BD6539F21DA3F71B008C32C6 /* RecordingModel.xcdatamodeld in Sources */,
				BD75649D1D99703900CE455F /* TextRecorder.swift in Sources */,
				BD6539EF1DA3F6EE008C32C6 /* Recording.swift in Sources */,
				BD87F59D1D8A2AFE007A6F99 /* SettingsViewController.swift in Sources */,
				BD17D04D1D8E8BC200A18062 /* RunData.swift in Sources */,
				BDBB02671DA4FCE8000838E0 /* Recording+CoreDataProperties.swift in Sources */,
				BD75649F1D99B0B700CE455F /* Logger.swift in Sources */,
				BDDC9D781D8AFC4100C36430 /* GraphLatencyHistogram.swift in Sources */,
				BDBB025B1DA45942000838E0 /* LowerViewManager.swift in Sources */,
				BD7564991D9931A800CE455F /* Date+Additions.swift in Sources */,
				BDBB025F1DA476F2000838E0 /* RecordingsStore.swift in Sources */,
				BD87F5A31D8AC829007A6F99 /* Sample.swift in Sources */,
				BDA9CA881D8BF1CB0028991F /* HistogramBinFormatter.swift in Sources */,
				BD7564A31D99C72600CE455F /* EventLog.swift in Sources */,
				BD87F5A51D8ADDE0007A6F99 /* Histogram.swift in Sources */,
				BD7564951D99171000CE455F /* PlotLatencyFormatter.swift in Sources */,
				BD17D0511D8ED9EE00A18062 /* Collection+Additions.swift in Sources */,
			);
			runOnlyForDeploymentPostprocessing = 0;
		};
		BD4948551D89F23000C50DE2 /* Sources */ = {
			isa = PBXSourcesBuildPhase;
			buildActionMask = 2147483647;
			files = (
				BD58DDBE1D97CB7D007765E3 /* PlotTimeFormatterTests.swift in Sources */,
				BD15E0AB1D929D72005B709D /* HistogramBinFormatterTests.swift in Sources */,
				BDFEEC3B1D91D0DC003E8555 /* NewTests.swift in Sources */,
				BD15AE9A1D91253B00213A88 /* HistorgramTests.swift in Sources */,
				BD0246371D9C119E008AEC26 /* LoggerTests.swift in Sources */,
				BD7564A11D99B67E00CE455F /* EventLogTests.swift in Sources */,
				BD7564971D991C5000CE455F /* PlotLatencyFormatterTests.swift in Sources */,
				BD15AE9B1D91253F00213A88 /* UserSettingsTests.swift in Sources */,
				BD75649B1D99321500CE455F /* Collection+AdditionsTests.swift in Sources */,
				BD17D0531D8EDA9800A18062 /* Date+AdditionsTests.swift in Sources */,
			);
			runOnlyForDeploymentPostprocessing = 0;
		};
		BDBCEF471DA8F9A800B09DC9 /* Sources */ = {
			isa = PBXSourcesBuildPhase;
			buildActionMask = 2147483647;
			files = (
				BDBCEF4E1DA8F9A800B09DC9 /* BlahUITests.swift in Sources */,
			);
			runOnlyForDeploymentPostprocessing = 0;
		};
/* End PBXSourcesBuildPhase section */

/* Begin PBXTargetDependency section */
		BD49485B1D89F23000C50DE2 /* PBXTargetDependency */ = {
			isa = PBXTargetDependency;
			target = BD4948421D89F23000C50DE2 /* Blah */;
			targetProxy = BD49485A1D89F23000C50DE2 /* PBXContainerItemProxy */;
		};
		BDBCEF511DA8F9A800B09DC9 /* PBXTargetDependency */ = {
			isa = PBXTargetDependency;
			target = BD4948421D89F23000C50DE2 /* Blah */;
			targetProxy = BDBCEF501DA8F9A800B09DC9 /* PBXContainerItemProxy */;
		};
/* End PBXTargetDependency section */

/* Begin PBXVariantGroup section */
		BD49484C1D89F23000C50DE2 /* Main.storyboard */ = {
			isa = PBXVariantGroup;
			children = (
				BD49484D1D89F23000C50DE2 /* Base */,
			);
			name = Main.storyboard;
			sourceTree = "<group>";
		};
		BD4948511D89F23000C50DE2 /* LaunchScreen.storyboard */ = {
			isa = PBXVariantGroup;
			children = (
				BD4948521D89F23000C50DE2 /* Base */,
			);
			name = LaunchScreen.storyboard;
			sourceTree = "<group>";
		};
/* End PBXVariantGroup section */

/* Begin XCBuildConfiguration section */
		BD49486B1D89F23000C50DE2 /* Debug */ = {
			isa = XCBuildConfiguration;
			buildSettings = {
				ALWAYS_SEARCH_USER_PATHS = NO;
				CLANG_ANALYZER_NONNULL = YES;
				CLANG_CXX_LANGUAGE_STANDARD = "gnu++0x";
				CLANG_CXX_LIBRARY = "libc++";
				CLANG_ENABLE_MODULES = YES;
				CLANG_ENABLE_OBJC_ARC = YES;
				CLANG_WARN_BOOL_CONVERSION = YES;
				CLANG_WARN_CONSTANT_CONVERSION = YES;
				CLANG_WARN_DIRECT_OBJC_ISA_USAGE = YES_ERROR;
				CLANG_WARN_EMPTY_BODY = YES;
				CLANG_WARN_ENUM_CONVERSION = YES;
				CLANG_WARN_INFINITE_RECURSION = YES;
				CLANG_WARN_INT_CONVERSION = YES;
				CLANG_WARN_OBJC_ROOT_CLASS = YES_ERROR;
				CLANG_WARN_SUSPICIOUS_MOVE = YES;
				CLANG_WARN_UNREACHABLE_CODE = YES;
				CLANG_WARN__DUPLICATE_METHOD_MATCH = YES;
				"CODE_SIGN_IDENTITY[sdk=iphoneos*]" = "iPhone Developer";
				COPY_PHASE_STRIP = NO;
				DEBUG_INFORMATION_FORMAT = dwarf;
				ENABLE_STRICT_OBJC_MSGSEND = YES;
				ENABLE_TESTABILITY = YES;
				GCC_C_LANGUAGE_STANDARD = gnu99;
				GCC_DYNAMIC_NO_PIC = NO;
				GCC_NO_COMMON_BLOCKS = YES;
				GCC_OPTIMIZATION_LEVEL = 0;
				GCC_PREPROCESSOR_DEFINITIONS = (
					"DEBUG=1",
					"$(inherited)",
				);
				GCC_WARN_64_TO_32_BIT_CONVERSION = YES;
				GCC_WARN_ABOUT_RETURN_TYPE = YES_ERROR;
				GCC_WARN_UNDECLARED_SELECTOR = YES;
				GCC_WARN_UNINITIALIZED_AUTOS = YES_AGGRESSIVE;
				GCC_WARN_UNUSED_FUNCTION = YES;
				GCC_WARN_UNUSED_VARIABLE = YES;
				IPHONEOS_DEPLOYMENT_TARGET = 10.0;
				MTL_ENABLE_DEBUG_INFO = YES;
				ONLY_ACTIVE_ARCH = YES;
				SDKROOT = iphoneos;
				SWIFT_OPTIMIZATION_LEVEL = "-Onone";
				TARGETED_DEVICE_FAMILY = "1,2";
			};
			name = Debug;
		};
		BD49486C1D89F23000C50DE2 /* Release */ = {
			isa = XCBuildConfiguration;
			buildSettings = {
				ALWAYS_SEARCH_USER_PATHS = NO;
				CLANG_ANALYZER_NONNULL = YES;
				CLANG_CXX_LANGUAGE_STANDARD = "gnu++0x";
				CLANG_CXX_LIBRARY = "libc++";
				CLANG_ENABLE_MODULES = YES;
				CLANG_ENABLE_OBJC_ARC = YES;
				CLANG_WARN_BOOL_CONVERSION = YES;
				CLANG_WARN_CONSTANT_CONVERSION = YES;
				CLANG_WARN_DIRECT_OBJC_ISA_USAGE = YES_ERROR;
				CLANG_WARN_EMPTY_BODY = YES;
				CLANG_WARN_ENUM_CONVERSION = YES;
				CLANG_WARN_INFINITE_RECURSION = YES;
				CLANG_WARN_INT_CONVERSION = YES;
				CLANG_WARN_OBJC_ROOT_CLASS = YES_ERROR;
				CLANG_WARN_SUSPICIOUS_MOVE = YES;
				CLANG_WARN_UNREACHABLE_CODE = YES;
				CLANG_WARN__DUPLICATE_METHOD_MATCH = YES;
				"CODE_SIGN_IDENTITY[sdk=iphoneos*]" = "iPhone Developer";
				COPY_PHASE_STRIP = NO;
				DEBUG_INFORMATION_FORMAT = "dwarf-with-dsym";
				ENABLE_NS_ASSERTIONS = NO;
				ENABLE_STRICT_OBJC_MSGSEND = YES;
				GCC_C_LANGUAGE_STANDARD = gnu99;
				GCC_NO_COMMON_BLOCKS = YES;
				GCC_WARN_64_TO_32_BIT_CONVERSION = YES;
				GCC_WARN_ABOUT_RETURN_TYPE = YES_ERROR;
				GCC_WARN_UNDECLARED_SELECTOR = YES;
				GCC_WARN_UNINITIALIZED_AUTOS = YES_AGGRESSIVE;
				GCC_WARN_UNUSED_FUNCTION = YES;
				GCC_WARN_UNUSED_VARIABLE = YES;
				IPHONEOS_DEPLOYMENT_TARGET = 10.0;
				MTL_ENABLE_DEBUG_INFO = NO;
				SDKROOT = iphoneos;
				SWIFT_OPTIMIZATION_LEVEL = "-Owholemodule";
				TARGETED_DEVICE_FAMILY = "1,2";
				VALIDATE_PRODUCT = YES;
			};
			name = Release;
		};
		BD49486E1D89F23000C50DE2 /* Debug */ = {
			isa = XCBuildConfiguration;
			baseConfigurationReference = AA6633FA5AD9CE9DEF3BFB71 /* Pods-Blah.debug.xcconfig */;
			buildSettings = {
				ALWAYS_EMBED_SWIFT_STANDARD_LIBRARIES = YES;
				ALWAYS_SEARCH_USER_PATHS = NO;
				ASSETCATALOG_COMPILER_APPICON_NAME = AppIcon;
				DEVELOPMENT_TEAM = Z7R62JH5A8;
				INFOPLIST_FILE = Blah/Info.plist;
				LD_RUNPATH_SEARCH_PATHS = "$(inherited) @executable_path/Frameworks";
				ONLY_ACTIVE_ARCH = YES;
				PRODUCT_BUNDLE_IDENTIFIER = com.brhcode.Blah;
				PRODUCT_NAME = "$(TARGET_NAME)";
				SWIFT_VERSION = 3.0;
			};
			name = Debug;
		};
		BD49486F1D89F23000C50DE2 /* Release */ = {
			isa = XCBuildConfiguration;
			baseConfigurationReference = FF00F94554101A88F19C9D5D /* Pods-Blah.release.xcconfig */;
			buildSettings = {
				ALWAYS_EMBED_SWIFT_STANDARD_LIBRARIES = YES;
				ALWAYS_SEARCH_USER_PATHS = NO;
				ASSETCATALOG_COMPILER_APPICON_NAME = AppIcon;
				DEVELOPMENT_TEAM = Z7R62JH5A8;
				INFOPLIST_FILE = Blah/Info.plist;
				LD_RUNPATH_SEARCH_PATHS = "$(inherited) @executable_path/Frameworks";
				ONLY_ACTIVE_ARCH = NO;
				PRODUCT_BUNDLE_IDENTIFIER = com.brhcode.Blah;
				PRODUCT_NAME = "$(TARGET_NAME)";
				SWIFT_VERSION = 3.0;
			};
			name = Release;
		};
		BD4948711D89F23000C50DE2 /* Debug */ = {
			isa = XCBuildConfiguration;
			baseConfigurationReference = F34C4E5F49323E86C7948436 /* Pods-BlahTests.debug.xcconfig */;
			buildSettings = {
				BUNDLE_LOADER = "$(TEST_HOST)";
				INFOPLIST_FILE = BlahTests/Info.plist;
				LD_RUNPATH_SEARCH_PATHS = "$(inherited) @executable_path/Frameworks @loader_path/Frameworks";
				PRODUCT_BUNDLE_IDENTIFIER = com.brhcode.BlahTests;
				PRODUCT_NAME = "$(TARGET_NAME)";
				SWIFT_VERSION = 3.0;
				TEST_HOST = "$(BUILT_PRODUCTS_DIR)/Blah.app/Blah";
			};
			name = Debug;
		};
		BD4948721D89F23000C50DE2 /* Release */ = {
			isa = XCBuildConfiguration;
			baseConfigurationReference = F657859C3132944BCAC76486 /* Pods-BlahTests.release.xcconfig */;
			buildSettings = {
				BUNDLE_LOADER = "$(TEST_HOST)";
				INFOPLIST_FILE = BlahTests/Info.plist;
				LD_RUNPATH_SEARCH_PATHS = "$(inherited) @executable_path/Frameworks @loader_path/Frameworks";
				PRODUCT_BUNDLE_IDENTIFIER = com.brhcode.BlahTests;
				PRODUCT_NAME = "$(TARGET_NAME)";
				SWIFT_VERSION = 3.0;
				TEST_HOST = "$(BUILT_PRODUCTS_DIR)/Blah.app/Blah";
			};
			name = Release;
		};
		BDBCEF531DA8F9A800B09DC9 /* Debug */ = {
			isa = XCBuildConfiguration;
			buildSettings = {
				CLANG_WARN_DOCUMENTATION_COMMENTS = YES;
				CLANG_WARN_SUSPICIOUS_MOVES = YES;
				DEVELOPMENT_TEAM = Z7R62JH5A8;
				INFOPLIST_FILE = BlahUITests/Info.plist;
				LD_RUNPATH_SEARCH_PATHS = "$(inherited) @executable_path/Frameworks @loader_path/Frameworks";
				PRODUCT_BUNDLE_IDENTIFIER = com.brhcode.BlahUITests;
				PRODUCT_NAME = "$(TARGET_NAME)";
				SWIFT_ACTIVE_COMPILATION_CONDITIONS = DEBUG;
				SWIFT_VERSION = 3.0;
				TEST_TARGET_NAME = Blah;
			};
			name = Debug;
		};
		BDBCEF541DA8F9A800B09DC9 /* Release */ = {
			isa = XCBuildConfiguration;
			buildSettings = {
				CLANG_WARN_DOCUMENTATION_COMMENTS = YES;
				CLANG_WARN_SUSPICIOUS_MOVES = YES;
				DEVELOPMENT_TEAM = Z7R62JH5A8;
				INFOPLIST_FILE = BlahUITests/Info.plist;
				LD_RUNPATH_SEARCH_PATHS = "$(inherited) @executable_path/Frameworks @loader_path/Frameworks";
				PRODUCT_BUNDLE_IDENTIFIER = com.brhcode.BlahUITests;
				PRODUCT_NAME = "$(TARGET_NAME)";
				SWIFT_VERSION = 3.0;
				TEST_TARGET_NAME = Blah;
			};
			name = Release;
		};
/* End XCBuildConfiguration section */

/* Begin XCConfigurationList section */
		BD49483E1D89F23000C50DE2 /* Build configuration list for PBXProject "Blah" */ = {
			isa = XCConfigurationList;
			buildConfigurations = (
				BD49486B1D89F23000C50DE2 /* Debug */,
				BD49486C1D89F23000C50DE2 /* Release */,
			);
			defaultConfigurationIsVisible = 0;
			defaultConfigurationName = Release;
		};
		BD49486D1D89F23000C50DE2 /* Build configuration list for PBXNativeTarget "Blah" */ = {
			isa = XCConfigurationList;
			buildConfigurations = (
				BD49486E1D89F23000C50DE2 /* Debug */,
				BD49486F1D89F23000C50DE2 /* Release */,
			);
			defaultConfigurationIsVisible = 0;
			defaultConfigurationName = Release;
		};
		BD4948701D89F23000C50DE2 /* Build configuration list for PBXNativeTarget "BlahTests" */ = {
			isa = XCConfigurationList;
			buildConfigurations = (
				BD4948711D89F23000C50DE2 /* Debug */,
				BD4948721D89F23000C50DE2 /* Release */,
			);
			defaultConfigurationIsVisible = 0;
			defaultConfigurationName = Release;
		};
		BDBCEF521DA8F9A800B09DC9 /* Build configuration list for PBXNativeTarget "BlahUITests" */ = {
			isa = XCConfigurationList;
			buildConfigurations = (
				BDBCEF531DA8F9A800B09DC9 /* Debug */,
				BDBCEF541DA8F9A800B09DC9 /* Release */,
			);
			defaultConfigurationIsVisible = 0;
			defaultConfigurationName = Release;
		};
/* End XCConfigurationList section */

/* Begin XCVersionGroup section */
		BD6539F01DA3F71B008C32C6 /* RecordingModel.xcdatamodeld */ = {
			isa = XCVersionGroup;
			children = (
				BD6539F11DA3F71B008C32C6 /* RecordingModel.xcdatamodel */,
			);
			currentVersion = BD6539F11DA3F71B008C32C6 /* RecordingModel.xcdatamodel */;
			path = RecordingModel.xcdatamodeld;
			sourceTree = "<group>";
			versionGroupType = wrapper.xcdatamodel;
		};
/* End XCVersionGroup section */
	};
	rootObject = BD49483B1D89F23000C50DE2 /* Project object */;
}
